// !$*UTF8*$!
{
	archiveVersion = 1;
	classes = {
	};
	objectVersion = 50;
	objects = {

/* Begin PBXBuildFile section */
		88966EC625BE6876004B0138 /* AppDelegate.swift in Sources */ = {isa = PBXBuildFile; fileRef = 88966EC525BE6876004B0138 /* AppDelegate.swift */; };
		88966EC825BE6876004B0138 /* SceneDelegate.swift in Sources */ = {isa = PBXBuildFile; fileRef = 88966EC725BE6876004B0138 /* SceneDelegate.swift */; };
		88966ECA25BE6876004B0138 /* ViewController.swift in Sources */ = {isa = PBXBuildFile; fileRef = 88966EC925BE6876004B0138 /* ViewController.swift */; };
		88966ECD25BE6876004B0138 /* Main.storyboard in Resources */ = {isa = PBXBuildFile; fileRef = 88966ECB25BE6876004B0138 /* Main.storyboard */; };
		88966ECF25BE6878004B0138 /* Assets.xcassets in Resources */ = {isa = PBXBuildFile; fileRef = 88966ECE25BE6878004B0138 /* Assets.xcassets */; };
		88966ED225BE6878004B0138 /* LaunchScreen.storyboard in Resources */ = {isa = PBXBuildFile; fileRef = 88966ED025BE6878004B0138 /* LaunchScreen.storyboard */; };
		88B302E225BE711700566797 /* .gitignore.rtf in Resources */ = {isa = PBXBuildFile; fileRef = 88B302E125BE711700566797 /* .gitignore.rtf */; };
/* End PBXBuildFile section */

/* Begin PBXFileReference section */
		88966EC225BE6876004B0138 /* diyige.app */ = {isa = PBXFileReference; explicitFileType = wrapper.application; includeInIndex = 0; path = diyige.app; sourceTree = BUILT_PRODUCTS_DIR; };
		88966EC525BE6876004B0138 /* AppDelegate.swift */ = {isa = PBXFileReference; lastKnownFileType = sourcecode.swift; path = AppDelegate.swift; sourceTree = "<group>"; };
		88966EC725BE6876004B0138 /* SceneDelegate.swift */ = {isa = PBXFileReference; lastKnownFileType = sourcecode.swift; path = SceneDelegate.swift; sourceTree = "<group>"; };
		88966EC925BE6876004B0138 /* ViewController.swift */ = {isa = PBXFileReference; lastKnownFileType = sourcecode.swift; path = ViewController.swift; sourceTree = "<group>"; };
		88966ECC25BE6876004B0138 /* Base */ = {isa = PBXFileReference; lastKnownFileType = file.storyboard; name = Base; path = Base.lproj/Main.storyboard; sourceTree = "<group>"; };
		88966ECE25BE6878004B0138 /* Assets.xcassets */ = {isa = PBXFileReference; lastKnownFileType = folder.assetcatalog; path = Assets.xcassets; sourceTree = "<group>"; };
		88966ED125BE6878004B0138 /* Base */ = {isa = PBXFileReference; lastKnownFileType = file.storyboard; name = Base; path = Base.lproj/LaunchScreen.storyboard; sourceTree = "<group>"; };
		88966ED325BE6878004B0138 /* Info.plist */ = {isa = PBXFileReference; lastKnownFileType = text.plist.xml; path = Info.plist; sourceTree = "<group>"; };
		88B302E125BE711700566797 /* .gitignore.rtf */ = {isa = PBXFileReference; fileEncoding = 4; lastKnownFileType = text.rtf; path = .gitignore.rtf; sourceTree = "<group>"; };
/* End PBXFileReference section */

/* Begin PBXFrameworksBuildPhase section */
		88966EBF25BE6876004B0138 /* Frameworks */ = {
			isa = PBXFrameworksBuildPhase;
			buildActionMask = 2147483647;
			files = (
			);
			runOnlyForDeploymentPostprocessing = 0;
		};
/* End PBXFrameworksBuildPhase section */

/* Begin PBXGroup section */
		88966EB925BE6876004B0138 = {
			isa = PBXGroup;
			children = (
				88B302E125BE711700566797 /* .gitignore.rtf */,
				88966EC425BE6876004B0138 /* diyige */,
				88966EC325BE6876004B0138 /* Products */,
			);
			sourceTree = "<group>";
		};
		88966EC325BE6876004B0138 /* Products */ = {
			isa = PBXGroup;
			children = (
				88966EC225BE6876004B0138 /* diyige.app */,
			);
			name = Products;
			sourceTree = "<group>";
		};
		88966EC425BE6876004B0138 /* diyige */ = {
			isa = PBXGroup;
			children = (
				88966EC525BE6876004B0138 /* AppDelegate.swift */,
				88966EC725BE6876004B0138 /* SceneDelegate.swift */,
				88966EC925BE6876004B0138 /* ViewController.swift */,
				88966ECB25BE6876004B0138 /* Main.storyboard */,
				88966ECE25BE6878004B0138 /* Assets.xcassets */,
				88966ED025BE6878004B0138 /* LaunchScreen.storyboard */,
				88966ED325BE6878004B0138 /* Info.plist */,
			);
			path = diyige;
			sourceTree = "<group>";
		};
/* End PBXGroup section */

/* Begin PBXNativeTarget section */
		88966EC125BE6876004B0138 /* diyige */ = {
			isa = PBXNativeTarget;
			buildConfigurationList = 88966ED625BE6878004B0138 /* Build configuration list for PBXNativeTarget "diyige" */;
			buildPhases = (
				88966EBE25BE6876004B0138 /* Sources */,
				88966EBF25BE6876004B0138 /* Frameworks */,
				88966EC025BE6876004B0138 /* Resources */,
			);
			buildRules = (
			);
			dependencies = (
			);
			name = diyige;
			productName = diyige;
			productReference = 88966EC225BE6876004B0138 /* diyige.app */;
			productType = "com.apple.product-type.application";
		};
/* End PBXNativeTarget section */

/* Begin PBXProject section */
		88966EBA25BE6876004B0138 /* Project object */ = {
			isa = PBXProject;
			attributes = {
				LastSwiftUpdateCheck = 1230;
				LastUpgradeCheck = 1230;
				TargetAttributes = {
					88966EC125BE6876004B0138 = {
						CreatedOnToolsVersion = 12.3;
					};
				};
			};
			buildConfigurationList = 88966EBD25BE6876004B0138 /* Build configuration list for PBXProject "diyige" */;
			compatibilityVersion = "Xcode 9.3";
			developmentRegion = en;
			hasScannedForEncodings = 0;
			knownRegions = (
				en,
				Base,
			);
			mainGroup = 88966EB925BE6876004B0138;
			productRefGroup = 88966EC325BE6876004B0138 /* Products */;
			projectDirPath = "";
			projectRoot = "";
			targets = (
				88966EC125BE6876004B0138 /* diyige */,
			);
		};
/* End PBXProject section */

/* Begin PBXResourcesBuildPhase section */
		88966EC025BE6876004B0138 /* Resources */ = {
			isa = PBXResourcesBuildPhase;
			buildActionMask = 2147483647;
			files = (
				88966ED225BE6878004B0138 /* LaunchScreen.storyboard in Resources */,
				88966ECF25BE6878004B0138 /* Assets.xcassets in Resources */,
				88B302E225BE711700566797 /* .gitignore.rtf in Resources */,
				88966ECD25BE6876004B0138 /* Main.storyboard in Resources */,
			);
			runOnlyForDeploymentPostprocessing = 0;
		};
/* End PBXResourcesBuildPhase section */

/* Begin PBXSourcesBuildPhase section */
		88966EBE25BE6876004B0138 /* Sources */ = {
			isa = PBXSourcesBuildPhase;
			buildActionMask = 2147483647;
			files = (
				88966ECA25BE6876004B0138 /* ViewController.swift in Sources */,
				88966EC625BE6876004B0138 /* AppDelegate.swift in Sources */,
				88966EC825BE6876004B0138 /* SceneDelegate.swift in Sources */,
			);
			runOnlyForDeploymentPostprocessing = 0;
		};
/* End PBXSourcesBuildPhase section */

/* Begin PBXVariantGroup section */
		88966ECB25BE6876004B0138 /* Main.storyboard */ = {
			isa = PBXVariantGroup;
			children = (
				88966ECC25BE6876004B0138 /* Base */,
			);
			name = Main.storyboard;
			sourceTree = "<group>";
		};
		88966ED025BE6878004B0138 /* LaunchScreen.storyboard */ = {
			isa = PBXVariantGroup;
			children = (
				88966ED125BE6878004B0138 /* Base */,
			);
			name = LaunchScreen.storyboard;
			sourceTree = "<group>";
		};
/* End PBXVariantGroup section */

/* Begin XCBuildConfiguration section */
		88966ED425BE6878004B0138 /* Debug */ = {
			isa = XCBuildConfiguration;
			buildSettings = {
				ALWAYS_SEARCH_USER_PATHS = NO;
				CLANG_ANALYZER_NONNULL = YES;
				CLANG_ANALYZER_NUMBER_OBJECT_CONVERSION = YES_AGGRESSIVE;
				CLANG_CXX_LANGUAGE_STANDARD = "gnu++14";
				CLANG_CXX_LIBRARY = "libc++";
				CLANG_ENABLE_MODULES = YES;
				CLANG_ENABLE_OBJC_ARC = YES;
				CLANG_ENABLE_OBJC_WEAK = YES;
				CLANG_WARN_BLOCK_CAPTURE_AUTORELEASING = YES;
				CLANG_WARN_BOOL_CONVERSION = YES;
				CLANG_WARN_COMMA = YES;
				CLANG_WARN_CONSTANT_CONVERSION = YES;
				CLANG_WARN_DEPRECATED_OBJC_IMPLEMENTATIONS = YES;
				CLANG_WARN_DIRECT_OBJC_ISA_USAGE = YES_ERROR;
				CLANG_WARN_DOCUMENTATION_COMMENTS = YES;
				CLANG_WARN_EMPTY_BODY = YES;
				CLANG_WARN_ENUM_CONVERSION = YES;
				CLANG_WARN_INFINITE_RECURSION = YES;
				CLANG_WARN_INT_CONVERSION = YES;
				CLANG_WARN_NON_LITERAL_NULL_CONVERSION = YES;
				CLANG_WARN_OBJC_IMPLICIT_RETAIN_SELF = YES;
				CLANG_WARN_OBJC_LITERAL_CONVERSION = YES;
				CLANG_WARN_OBJC_ROOT_CLASS = YES_ERROR;
				CLANG_WARN_QUOTED_INCLUDE_IN_FRAMEWORK_HEADER = YES;
				CLANG_WARN_RANGE_LOOP_ANALYSIS = YES;
				CLANG_WARN_STRICT_PROTOTYPES = YES;
				CLANG_WARN_SUSPICIOUS_MOVE = YES;
				CLANG_WARN_UNGUARDED_AVAILABILITY = YES_AGGRESSIVE;
				CLANG_WARN_UNREACHABLE_CODE = YES;
				CLANG_WARN__DUPLICATE_METHOD_MATCH = YES;
				COPY_PHASE_STRIP = NO;
				DEBUG_INFORMATION_FORMAT = dwarf;
				ENABLE_STRICT_OBJC_MSGSEND = YES;
				ENABLE_TESTABILITY = YES;
				GCC_C_LANGUAGE_STANDARD = gnu11;
				GCC_DYNAMIC_NO_PIC = NO;
				GCC_NO_COMMON_BLOCKS = YES;
				GCC_OPTIMIZATION_LEVEL = 0;
				GCC_PREPROCESSOR_DEFINITIONS = (
					"DEBUG=1",
					"$(inherited)",
				);
				GCC_WARN_64_TO_32_BIT_CONVERSION = YES;
				GCC_WARN_ABOUT_RETURN_TYPE = YES_ERROR;
				GCC_WARN_UNDECLARED_SELECTOR = YES;
				GCC_WARN_UNINITIALIZED_AUTOS = YES_AGGRESSIVE;
				GCC_WARN_UNUSED_FUNCTION = YES;
				GCC_WARN_UNUSED_VARIABLE = YES;
				IPHONEOS_DEPLOYMENT_TARGET = 14.3;
				MTL_ENABLE_DEBUG_INFO = INCLUDE_SOURCE;
				MTL_FAST_MATH = YES;
				ONLY_ACTIVE_ARCH = YES;
				SDKROOT = iphoneos;
				SWIFT_ACTIVE_COMPILATION_CONDITIONS = DEBUG;
				SWIFT_OPTIMIZATION_LEVEL = "-Onone";
			};
			name = Debug;
		};
		88966ED525BE6878004B0138 /* Release */ = {
			isa = XCBuildConfiguration;
			buildSettings = {
				ALWAYS_SEARCH_USER_PATHS = NO;
				CLANG_ANALYZER_NONNULL = YES;
				CLANG_ANALYZER_NUMBER_OBJECT_CONVERSION = YES_AGGRESSIVE;
				CLANG_CXX_LANGUAGE_STANDARD = "gnu++14";
				CLANG_CXX_LIBRARY = "libc++";
				CLANG_ENABLE_MODULES = YES;
				CLANG_ENABLE_OBJC_ARC = YES;
				CLANG_ENABLE_OBJC_WEAK = YES;
				CLANG_WARN_BLOCK_CAPTURE_AUTORELEASING = YES;
				CLANG_WARN_BOOL_CONVERSION = YES;
				CLANG_WARN_COMMA = YES;
				CLANG_WARN_CONSTANT_CONVERSION = YES;
				CLANG_WARN_DEPRECATED_OBJC_IMPLEMENTATIONS = YES;
				CLANG_WARN_DIRECT_OBJC_ISA_USAGE = YES_ERROR;
				CLANG_WARN_DOCUMENTATION_COMMENTS = YES;
				CLANG_WARN_EMPTY_BODY = YES;
				CLANG_WARN_ENUM_CONVERSION = YES;
				CLANG_WARN_INFINITE_RECURSION = YES;
				CLANG_WARN_INT_CONVERSION = YES;
				CLANG_WARN_NON_LITERAL_NULL_CONVERSION = YES;
				CLANG_WARN_OBJC_IMPLICIT_RETAIN_SELF = YES;
				CLANG_WARN_OBJC_LITERAL_CONVERSION = YES;
				CLANG_WARN_OBJC_ROOT_CLASS = YES_ERROR;
				CLANG_WARN_QUOTED_INCLUDE_IN_FRAMEWORK_HEADER = YES;
				CLANG_WARN_RANGE_LOOP_ANALYSIS = YES;
				CLANG_WARN_STRICT_PROTOTYPES = YES;
				CLANG_WARN_SUSPICIOUS_MOVE = YES;
				CLANG_WARN_UNGUARDED_AVAILABILITY = YES_AGGRESSIVE;
				CLANG_WARN_UNREACHABLE_CODE = YES;
				CLANG_WARN__DUPLICATE_METHOD_MATCH = YES;
				COPY_PHASE_STRIP = NO;
				DEBUG_INFORMATION_FORMAT = "dwarf-with-dsym";
				ENABLE_NS_ASSERTIONS = NO;
				ENABLE_STRICT_OBJC_MSGSEND = YES;
				GCC_C_LANGUAGE_STANDARD = gnu11;
				GCC_NO_COMMON_BLOCKS = YES;
				GCC_WARN_64_TO_32_BIT_CONVERSION = YES;
				GCC_WARN_ABOUT_RETURN_TYPE = YES_ERROR;
				GCC_WARN_UNDECLARED_SELECTOR = YES;
				GCC_WARN_UNINITIALIZED_AUTOS = YES_AGGRESSIVE;
				GCC_WARN_UNUSED_FUNCTION = YES;
				GCC_WARN_UNUSED_VARIABLE = YES;
				IPHONEOS_DEPLOYMENT_TARGET = 14.3;
				MTL_ENABLE_DEBUG_INFO = NO;
				MTL_FAST_MATH = YES;
				SDKROOT = iphoneos;
				SWIFT_COMPILATION_MODE = wholemodule;
				SWIFT_OPTIMIZATION_LEVEL = "-O";
				VALIDATE_PRODUCT = YES;
			};
			name = Release;
		};
		88966ED725BE6878004B0138 /* Debug */ = {
			isa = XCBuildConfiguration;
			buildSettings = {
				ASSETCATALOG_COMPILER_APPICON_NAME = AppIcon;
				ASSETCATALOG_COMPILER_GLOBAL_ACCENT_COLOR_NAME = AccentColor;
				CODE_SIGN_STYLE = Automatic;
				DEVELOPMENT_TEAM = 8KGL4X5V92;
				INFOPLIST_FILE = diyige/Info.plist;
				LD_RUNPATH_SEARCH_PATHS = (
					"$(inherited)",
					"@executable_path/Frameworks",
				);
				PRODUCT_BUNDLE_IDENTIFIER = a55124897.diyige;
				PRODUCT_NAME = "$(TARGET_NAME)";
				SWIFT_VERSION = 5.0;
				TARGETED_DEVICE_FAMILY = "1,2";
			};
			name = Debug;
		};
		88966ED825BE6878004B0138 /* Release */ = {
			isa = XCBuildConfiguration;
			buildSettings = {
				ASSETCATALOG_COMPILER_APPICON_NAME = AppIcon;
				ASSETCATALOG_COMPILER_GLOBAL_ACCENT_COLOR_NAME = AccentColor;
				CODE_SIGN_STYLE = Automatic;
				DEVELOPMENT_TEAM = 8KGL4X5V92;
				INFOPLIST_FILE = diyige/Info.plist;
				LD_RUNPATH_SEARCH_PATHS = (
					"$(inherited)",
					"@executable_path/Frameworks",
				);
				PRODUCT_BUNDLE_IDENTIFIER = a55124897.diyige;
				PRODUCT_NAME = "$(TARGET_NAME)";
				SWIFT_VERSION = 5.0;
				TARGETED_DEVICE_FAMILY = "1,2";
			};
			name = Release;
		};
/* End XCBuildConfiguration section */

/* Begin XCConfigurationList section */
		88966EBD25BE6876004B0138 /* Build configuration list for PBXProject "diyige" */ = {
			isa = XCConfigurationList;
			buildConfigurations = (
				88966ED425BE6878004B0138 /* Debug */,
				88966ED525BE6878004B0138 /* Release */,
			);
			defaultConfigurationIsVisible = 0;
			defaultConfigurationName = Release;
		};
		88966ED625BE6878004B0138 /* Build configuration list for PBXNativeTarget "diyige" */ = {
			isa = XCConfigurationList;
			buildConfigurations = (
				88966ED725BE6878004B0138 /* Debug */,
				88966ED825BE6878004B0138 /* Release */,
			);
			defaultConfigurationIsVisible = 0;
			defaultConfigurationName = Release;
		};
/* End XCConfigurationList section */
	};
	rootObject = 88966EBA25BE6876004B0138 /* Project object */;
}
